
Microsoft Visual Studio Solution File, Format Version 12.00
# Visual Studio Version 17
VisualStudioVersion = 17.5.33530.505
MinimumVisualStudioVersion = 10.0.40219.1
Project("{FAE04EC0-301F-11D3-BF4B-00C04F79EFBC}") = "mat_1", "mat_1\mat_1.csproj", "{C07F390A-D409-4DAA-AC45-F159B3349D94}"
EndProject
Global
	GlobalSection(SolutionConfigurationPlatforms) = preSolution
		Debug|Any CPU = Debug|Any CPU
		Release|Any CPU = Release|Any CPU
	EndGlobalSection
	GlobalSection(ProjectConfigurationPlatforms) = postSolution
		{C07F390A-D409-4DAA-AC45-F159B3349D94}.Debug|Any CPU.ActiveCfg = Debug|Any CPU
		{C07F390A-D409-4DAA-AC45-F159B3349D94}.Debug|Any CPU.Build.0 = Debug|Any CPU
		{C07F390A-D409-4DAA-AC45-F159B3349D94}.Release|Any CPU.ActiveCfg = Release|Any CPU
		{C07F390A-D409-4DAA-AC45-F159B3349D94}.Release|Any CPU.Build.0 = Release|Any CPU
	EndGlobalSection
	GlobalSection(SolutionProperties) = preSolution
		HideSolutionNode = FALSE
	EndGlobalSection
	GlobalSection(ExtensibilityGlobals) = postSolution
		SolutionGuid = {11B907BA-7B59-4CEC-A0D5-D87ACDA9B780}
	EndGlobalSection
EndGlobal
